{
  "originHash" : "cf2f791bf8cee027c15fb8d18677fca786a331da78762366901284fa4fb61386",
  "pins" : [
    {
      "identity" : "notionswift",
      "kind" : "remoteSourceControl",
      "location" : "https://github.com/chojnac/NotionSwift.git",
      "state" : {
        "revision" : "fdaf1f420df24185c892a6ddac81cea9b9507ed9",
        "version" : "0.9.0"
      }
    },
    {
      "identity" : "swift-argument-parser",
      "kind" : "remoteSourceControl",
      "location" : "https://github.com/apple/swift-argument-parser",
      "state" : {
        "revision" : "c5d11a805e765f52ba34ec7284bd4fcd6ba68615",
        "version" : "1.7.0"
      }
    },
    {
      "identity" : "swift-cmark",
      "kind" : "remoteSourceControl",
      "location" : "https://github.com/swiftlang/swift-cmark.git",
      "state" : {
        "branch" : "gfm",
        "revision" : "924936d0427cb25a61169739a7660230bffa6ea6"
      }
    },
    {
      "identity" : "swift-markdown",
      "kind" : "remoteSourceControl",
      "location" : "https://github.com/swiftlang/swift-markdown.git",
      "state" : {
        "branch" : "main",
        "revision" : "b2135f426fca19029430fbf26564e953b2d0f3d3"
      }
    }
  ],
  "version" : 3
}
